
Microsoft Visual Studio Solution File, Format Version 12.00
# Visual Studio Version 17
VisualStudioVersion = 17.4.33205.214
MinimumVisualStudioVersion = 10.0.40219.1
Project("{9A19103F-16F7-4668-BE54-9A1E7A4F7556}") = "NauHelper.Startup", "NauHelper\NauHelper.Startup.csproj", "{D4F2220A-6D53-4894-95F7-B983AE412080}"
EndProject
Project("{9A19103F-16F7-4668-BE54-9A1E7A4F7556}") = "NauHelper.Core", "NauHelper.Core\NauHelper.Core.csproj", "{EB8D67BF-0A03-493C-909B-0FD495F6084E}"
EndProject
Project("{9A19103F-16F7-4668-BE54-9A1E7A4F7556}") = "NauHelper.Infrastructure", "NauHelper.Infrastructure\NauHelper.Infrastructure.csproj", "{377FE25B-E194-49FD-9C08-83D1489E533F}"
EndProject
Project("{2150E333-8FDC-42A3-9474-1A3956D46DE8}") = "UserInterfaces", "UserInterfaces", "{5BC638E7-E826-4E22-866D-DC22DCB71528}"
EndProject
Project("{9A19103F-16F7-4668-BE54-9A1E7A4F7556}") = "UserInterfaces.Student", "NauHelper.UserInterfaces.CommonUser\UserInterfaces.Student.csproj", "{1FBB942C-42D5-4E15-9B2F-6FAD57A35724}"
EndProject
Global
	GlobalSection(SolutionConfigurationPlatforms) = preSolution
		Debug|Any CPU = Debug|Any CPU
		Release|Any CPU = Release|Any CPU
	EndGlobalSection
	GlobalSection(ProjectConfigurationPlatforms) = postSolution
		{D4F2220A-6D53-4894-95F7-B983AE412080}.Debug|Any CPU.ActiveCfg = Debug|Any CPU
		{D4F2220A-6D53-4894-95F7-B983AE412080}.Debug|Any CPU.Build.0 = Debug|Any CPU
		{D4F2220A-6D53-4894-95F7-B983AE412080}.Release|Any CPU.ActiveCfg = Release|Any CPU
		{D4F2220A-6D53-4894-95F7-B983AE412080}.Release|Any CPU.Build.0 = Release|Any CPU
		{EB8D67BF-0A03-493C-909B-0FD495F6084E}.Debug|Any CPU.ActiveCfg = Debug|Any CPU
		{EB8D67BF-0A03-493C-909B-0FD495F6084E}.Debug|Any CPU.Build.0 = Debug|Any CPU
		{EB8D67BF-0A03-493C-909B-0FD495F6084E}.Release|Any CPU.ActiveCfg = Release|Any CPU
		{EB8D67BF-0A03-493C-909B-0FD495F6084E}.Release|Any CPU.Build.0 = Release|Any CPU
		{377FE25B-E194-49FD-9C08-83D1489E533F}.Debug|Any CPU.ActiveCfg = Debug|Any CPU
		{377FE25B-E194-49FD-9C08-83D1489E533F}.Debug|Any CPU.Build.0 = Debug|Any CPU
		{377FE25B-E194-49FD-9C08-83D1489E533F}.Release|Any CPU.ActiveCfg = Release|Any CPU
		{377FE25B-E194-49FD-9C08-83D1489E533F}.Release|Any CPU.Build.0 = Release|Any CPU
		{1FBB942C-42D5-4E15-9B2F-6FAD57A35724}.Debug|Any CPU.ActiveCfg = Debug|Any CPU
		{1FBB942C-42D5-4E15-9B2F-6FAD57A35724}.Debug|Any CPU.Build.0 = Debug|Any CPU
		{1FBB942C-42D5-4E15-9B2F-6FAD57A35724}.Release|Any CPU.ActiveCfg = Release|Any CPU
		{1FBB942C-42D5-4E15-9B2F-6FAD57A35724}.Release|Any CPU.Build.0 = Release|Any CPU
	EndGlobalSection
	GlobalSection(SolutionProperties) = preSolution
		HideSolutionNode = FALSE
	EndGlobalSection
	GlobalSection(NestedProjects) = preSolution
		{1FBB942C-42D5-4E15-9B2F-6FAD57A35724} = {5BC638E7-E826-4E22-866D-DC22DCB71528}
	EndGlobalSection
	GlobalSection(ExtensibilityGlobals) = postSolution
		SolutionGuid = {77FF35F5-FEF9-4FE3-867B-856D714AD0A8}
	EndGlobalSection
EndGlobal
